
Microsoft Visual Studio Solution File, Format Version 12.00
# Visual Studio Version 17
VisualStudioVersion = 17.0.31912.275
MinimumVisualStudioVersion = 10.0.40219.1
Project("{9A19103F-16F7-4668-BE54-9A1E7A4F7556}") = "Big.O", "src\Big.O\Big.O.csproj", "{30C5747A-7266-42A8-B27B-F8E131B074A4}"
EndProject
Project("{9A19103F-16F7-4668-BE54-9A1E7A4F7556}") = "LeetCode", "src\LeetCode\LeetCode.csproj", "{22C172A3-3125-4F52-A8AD-7820EF339969}"
EndProject
Project("{9A19103F-16F7-4668-BE54-9A1E7A4F7556}") = "DataStructures", "DataStructures\DataStructures.csproj", "{EA22F402-982A-4EA7-B35A-42AFFF9DADFC}"
EndProject
Project("{FAE04EC0-301F-11D3-BF4B-00C04F79EFBC}") = "CSharp.Examples", "CSharp.Examples\CSharp.Examples.csproj", "{1AC0072E-6408-47C2-ABAB-531A6EBA1AA8}"
EndProject
Global
	GlobalSection(SolutionConfigurationPlatforms) = preSolution
		Debug|Any CPU = Debug|Any CPU
		Release|Any CPU = Release|Any CPU
	EndGlobalSection
	GlobalSection(ProjectConfigurationPlatforms) = postSolution
		{30C5747A-7266-42A8-B27B-F8E131B074A4}.Debug|Any CPU.ActiveCfg = Debug|Any CPU
		{30C5747A-7266-42A8-B27B-F8E131B074A4}.Debug|Any CPU.Build.0 = Debug|Any CPU
		{30C5747A-7266-42A8-B27B-F8E131B074A4}.Release|Any CPU.ActiveCfg = Release|Any CPU
		{30C5747A-7266-42A8-B27B-F8E131B074A4}.Release|Any CPU.Build.0 = Release|Any CPU
		{22C172A3-3125-4F52-A8AD-7820EF339969}.Debug|Any CPU.ActiveCfg = Debug|Any CPU
		{22C172A3-3125-4F52-A8AD-7820EF339969}.Debug|Any CPU.Build.0 = Debug|Any CPU
		{22C172A3-3125-4F52-A8AD-7820EF339969}.Release|Any CPU.ActiveCfg = Release|Any CPU
		{22C172A3-3125-4F52-A8AD-7820EF339969}.Release|Any CPU.Build.0 = Release|Any CPU
		{EA22F402-982A-4EA7-B35A-42AFFF9DADFC}.Debug|Any CPU.ActiveCfg = Debug|Any CPU
		{EA22F402-982A-4EA7-B35A-42AFFF9DADFC}.Debug|Any CPU.Build.0 = Debug|Any CPU
		{EA22F402-982A-4EA7-B35A-42AFFF9DADFC}.Release|Any CPU.ActiveCfg = Release|Any CPU
		{EA22F402-982A-4EA7-B35A-42AFFF9DADFC}.Release|Any CPU.Build.0 = Release|Any CPU
		{1AC0072E-6408-47C2-ABAB-531A6EBA1AA8}.Debug|Any CPU.ActiveCfg = Debug|Any CPU
		{1AC0072E-6408-47C2-ABAB-531A6EBA1AA8}.Debug|Any CPU.Build.0 = Debug|Any CPU
		{1AC0072E-6408-47C2-ABAB-531A6EBA1AA8}.Release|Any CPU.ActiveCfg = Release|Any CPU
		{1AC0072E-6408-47C2-ABAB-531A6EBA1AA8}.Release|Any CPU.Build.0 = Release|Any CPU
	EndGlobalSection
	GlobalSection(SolutionProperties) = preSolution
		HideSolutionNode = FALSE
	EndGlobalSection
	GlobalSection(ExtensibilityGlobals) = postSolution
		SolutionGuid = {52C4C4BB-D685-42B9-B764-89F56E8FDC0C}
	EndGlobalSection
EndGlobal
