
Microsoft Visual Studio Solution File, Format Version 12.00
# Visual Studio Version 17
VisualStudioVersion = 17.0.31912.275
MinimumVisualStudioVersion = 10.0.40219.1
Project("{9A19103F-16F7-4668-BE54-9A1E7A4F7556}") = "Big.O", "src\Big.O\Big.O.csproj", "{30C5747A-7266-42A8-B27B-F8E131B074A4}"
EndProject
Project("{9A19103F-16F7-4668-BE54-9A1E7A4F7556}") = "LeetCode", "src\LeetCode\LeetCode.csproj", "{22C172A3-3125-4F52-A8AD-7820EF339969}"
EndProject
Project("{9A19103F-16F7-4668-BE54-9A1E7A4F7556}") = "DataStructures", "src\DataStructures\DataStructures.csproj", "{4C3BAC4B-0519-4E32-8FDC-BE5772A9A8EE}"
EndProject
Project("{9A19103F-16F7-4668-BE54-9A1E7A4F7556}") = "DataStructures.Tests", "src\DataStructures.Tests\DataStructures.Tests.csproj", "{27B9F187-9725-42E5-9922-AACBF3814C75}"
EndProject
Project("{9A19103F-16F7-4668-BE54-9A1E7A4F7556}") = "MartinRover", "src\MartinRover\MartinRover.csproj", "{93D6E3E1-45D6-4889-9A92-A9F5FB7052B9}"
EndProject
Project("{9A19103F-16F7-4668-BE54-9A1E7A4F7556}") = "MartinRover.Tests", "src\MartinRover.Tests\MartinRover.Tests.csproj", "{0CC8568D-466F-47BE-93E9-B9A504EF3C9B}"
EndProject
Project("{9A19103F-16F7-4668-BE54-9A1E7A4F7556}") = "ShoppingCart", "src\Cart.Checkout\ShoppingCart.csproj", "{C076F01E-E679-4880-831F-A6437AA758D3}"
EndProject
Project("{9A19103F-16F7-4668-BE54-9A1E7A4F7556}") = "ShoppingCart.Tests", "src\Cart.Checkout.Tests\Checkout.Tests\ShoppingCart.Tests.csproj", "{EE79B7F3-6DB2-4D57-9314-3DF4A5F7A286}"
EndProject
Project("{9A19103F-16F7-4668-BE54-9A1E7A4F7556}") = "CSharp.Examples", "src\CSharp.Examples\CSharp.Examples.csproj", "{92404F64-AC0D-4470-8777-DB73A4A5D9EB}"
EndProject
Project("{FAE04EC0-301F-11D3-BF4B-00C04F79EFBC}") = "CSharp.Examples.Tests", "src\CSharp.Examples.Tests\CSharp.Examples.Tests.csproj", "{6F83B972-452E-40E6-99A5-57720328337B}"
EndProject
Global
	GlobalSection(SolutionConfigurationPlatforms) = preSolution
		Debug|Any CPU = Debug|Any CPU
		Release|Any CPU = Release|Any CPU
	EndGlobalSection
	GlobalSection(ProjectConfigurationPlatforms) = postSolution
		{30C5747A-7266-42A8-B27B-F8E131B074A4}.Debug|Any CPU.ActiveCfg = Debug|Any CPU
		{30C5747A-7266-42A8-B27B-F8E131B074A4}.Debug|Any CPU.Build.0 = Debug|Any CPU
		{30C5747A-7266-42A8-B27B-F8E131B074A4}.Release|Any CPU.ActiveCfg = Release|Any CPU
		{30C5747A-7266-42A8-B27B-F8E131B074A4}.Release|Any CPU.Build.0 = Release|Any CPU
		{22C172A3-3125-4F52-A8AD-7820EF339969}.Debug|Any CPU.ActiveCfg = Debug|Any CPU
		{22C172A3-3125-4F52-A8AD-7820EF339969}.Debug|Any CPU.Build.0 = Debug|Any CPU
		{22C172A3-3125-4F52-A8AD-7820EF339969}.Release|Any CPU.ActiveCfg = Release|Any CPU
		{22C172A3-3125-4F52-A8AD-7820EF339969}.Release|Any CPU.Build.0 = Release|Any CPU
		{4C3BAC4B-0519-4E32-8FDC-BE5772A9A8EE}.Debug|Any CPU.ActiveCfg = Debug|Any CPU
		{4C3BAC4B-0519-4E32-8FDC-BE5772A9A8EE}.Debug|Any CPU.Build.0 = Debug|Any CPU
		{4C3BAC4B-0519-4E32-8FDC-BE5772A9A8EE}.Release|Any CPU.ActiveCfg = Release|Any CPU
		{4C3BAC4B-0519-4E32-8FDC-BE5772A9A8EE}.Release|Any CPU.Build.0 = Release|Any CPU
		{27B9F187-9725-42E5-9922-AACBF3814C75}.Debug|Any CPU.ActiveCfg = Debug|Any CPU
		{27B9F187-9725-42E5-9922-AACBF3814C75}.Debug|Any CPU.Build.0 = Debug|Any CPU
		{27B9F187-9725-42E5-9922-AACBF3814C75}.Release|Any CPU.ActiveCfg = Release|Any CPU
		{27B9F187-9725-42E5-9922-AACBF3814C75}.Release|Any CPU.Build.0 = Release|Any CPU
		{93D6E3E1-45D6-4889-9A92-A9F5FB7052B9}.Debug|Any CPU.ActiveCfg = Debug|Any CPU
		{93D6E3E1-45D6-4889-9A92-A9F5FB7052B9}.Debug|Any CPU.Build.0 = Debug|Any CPU
		{93D6E3E1-45D6-4889-9A92-A9F5FB7052B9}.Release|Any CPU.ActiveCfg = Release|Any CPU
		{93D6E3E1-45D6-4889-9A92-A9F5FB7052B9}.Release|Any CPU.Build.0 = Release|Any CPU
		{0CC8568D-466F-47BE-93E9-B9A504EF3C9B}.Debug|Any CPU.ActiveCfg = Debug|Any CPU
		{0CC8568D-466F-47BE-93E9-B9A504EF3C9B}.Debug|Any CPU.Build.0 = Debug|Any CPU
		{0CC8568D-466F-47BE-93E9-B9A504EF3C9B}.Release|Any CPU.ActiveCfg = Release|Any CPU
		{0CC8568D-466F-47BE-93E9-B9A504EF3C9B}.Release|Any CPU.Build.0 = Release|Any CPU
		{C076F01E-E679-4880-831F-A6437AA758D3}.Debug|Any CPU.ActiveCfg = Debug|Any CPU
		{C076F01E-E679-4880-831F-A6437AA758D3}.Debug|Any CPU.Build.0 = Debug|Any CPU
		{C076F01E-E679-4880-831F-A6437AA758D3}.Release|Any CPU.ActiveCfg = Release|Any CPU
		{C076F01E-E679-4880-831F-A6437AA758D3}.Release|Any CPU.Build.0 = Release|Any CPU
		{EE79B7F3-6DB2-4D57-9314-3DF4A5F7A286}.Debug|Any CPU.ActiveCfg = Debug|Any CPU
		{EE79B7F3-6DB2-4D57-9314-3DF4A5F7A286}.Debug|Any CPU.Build.0 = Debug|Any CPU
		{EE79B7F3-6DB2-4D57-9314-3DF4A5F7A286}.Release|Any CPU.ActiveCfg = Release|Any CPU
		{EE79B7F3-6DB2-4D57-9314-3DF4A5F7A286}.Release|Any CPU.Build.0 = Release|Any CPU
		{92404F64-AC0D-4470-8777-DB73A4A5D9EB}.Debug|Any CPU.ActiveCfg = Debug|Any CPU
		{92404F64-AC0D-4470-8777-DB73A4A5D9EB}.Debug|Any CPU.Build.0 = Debug|Any CPU
		{92404F64-AC0D-4470-8777-DB73A4A5D9EB}.Release|Any CPU.ActiveCfg = Release|Any CPU
		{92404F64-AC0D-4470-8777-DB73A4A5D9EB}.Release|Any CPU.Build.0 = Release|Any CPU
		{6F83B972-452E-40E6-99A5-57720328337B}.Debug|Any CPU.ActiveCfg = Debug|Any CPU
		{6F83B972-452E-40E6-99A5-57720328337B}.Debug|Any CPU.Build.0 = Debug|Any CPU
		{6F83B972-452E-40E6-99A5-57720328337B}.Release|Any CPU.ActiveCfg = Release|Any CPU
		{6F83B972-452E-40E6-99A5-57720328337B}.Release|Any CPU.Build.0 = Release|Any CPU
	EndGlobalSection
	GlobalSection(SolutionProperties) = preSolution
		HideSolutionNode = FALSE
	EndGlobalSection
	GlobalSection(ExtensibilityGlobals) = postSolution
		SolutionGuid = {52C4C4BB-D685-42B9-B764-89F56E8FDC0C}
	EndGlobalSection
EndGlobal
